
Microsoft Visual Studio Solution File, Format Version 12.00
# Visual Studio Version 17
VisualStudioVersion = 17.14.36429.23
MinimumVisualStudioVersion = 10.0.40219.1
Project("{FAE04EC0-301F-11D3-BF4B-00C04F79EFBC}") = "Logica", "Logica\Logica.csproj", "{423EAE60-175B-4023-BDFF-143D40207400}"
EndProject
Project("{FAE04EC0-301F-11D3-BF4B-00C04F79EFBC}") = "LogicaTests", "LogicaTests\LogicaTests.csproj", "{89D5802E-86D5-4D4F-A1FC-1BD83EADC8F0}"
EndProject
Project("{FAE04EC0-301F-11D3-BF4B-00C04F79EFBC}") = "Datos", "Datos\Datos.csproj", "{9AB058DF-58F4-44BE-9197-C8A7C2665145}"
EndProject
Project("{FAE04EC0-301F-11D3-BF4B-00C04F79EFBC}") = "DatosTests", "DatosTests\DatosTests.csproj", "{0E6F7086-B1C5-4A5A-98F3-54165E454239}"
EndProject
Project("{FAE04EC0-301F-11D3-BF4B-00C04F79EFBC}") = "www", "www\www.csproj", "{82CDB287-E970-455D-8603-9263F452698E}"
EndProject
Project("{FAE04EC0-301F-11D3-BF4B-00C04F79EFBC}") = "wwwTests", "wwwTests\wwwTests.csproj", "{BB7F7E79-404F-40AE-BAE2-AF51DBBC155C}"
EndProject
Global
	GlobalSection(SolutionConfigurationPlatforms) = preSolution
		Debug|Any CPU = Debug|Any CPU
		Release|Any CPU = Release|Any CPU
	EndGlobalSection
	GlobalSection(ProjectConfigurationPlatforms) = postSolution
		{423EAE60-175B-4023-BDFF-143D40207400}.Debug|Any CPU.ActiveCfg = Debug|Any CPU
		{423EAE60-175B-4023-BDFF-143D40207400}.Debug|Any CPU.Build.0 = Debug|Any CPU
		{423EAE60-175B-4023-BDFF-143D40207400}.Release|Any CPU.ActiveCfg = Release|Any CPU
		{423EAE60-175B-4023-BDFF-143D40207400}.Release|Any CPU.Build.0 = Release|Any CPU
		{89D5802E-86D5-4D4F-A1FC-1BD83EADC8F0}.Debug|Any CPU.ActiveCfg = Debug|Any CPU
		{89D5802E-86D5-4D4F-A1FC-1BD83EADC8F0}.Debug|Any CPU.Build.0 = Debug|Any CPU
		{89D5802E-86D5-4D4F-A1FC-1BD83EADC8F0}.Release|Any CPU.ActiveCfg = Release|Any CPU
		{89D5802E-86D5-4D4F-A1FC-1BD83EADC8F0}.Release|Any CPU.Build.0 = Release|Any CPU
		{9AB058DF-58F4-44BE-9197-C8A7C2665145}.Debug|Any CPU.ActiveCfg = Debug|Any CPU
		{9AB058DF-58F4-44BE-9197-C8A7C2665145}.Debug|Any CPU.Build.0 = Debug|Any CPU
		{9AB058DF-58F4-44BE-9197-C8A7C2665145}.Release|Any CPU.ActiveCfg = Release|Any CPU
		{9AB058DF-58F4-44BE-9197-C8A7C2665145}.Release|Any CPU.Build.0 = Release|Any CPU
		{0E6F7086-B1C5-4A5A-98F3-54165E454239}.Debug|Any CPU.ActiveCfg = Debug|Any CPU
		{0E6F7086-B1C5-4A5A-98F3-54165E454239}.Debug|Any CPU.Build.0 = Debug|Any CPU
		{0E6F7086-B1C5-4A5A-98F3-54165E454239}.Release|Any CPU.ActiveCfg = Release|Any CPU
		{0E6F7086-B1C5-4A5A-98F3-54165E454239}.Release|Any CPU.Build.0 = Release|Any CPU
		{82CDB287-E970-455D-8603-9263F452698E}.Debug|Any CPU.ActiveCfg = Debug|Any CPU
		{82CDB287-E970-455D-8603-9263F452698E}.Debug|Any CPU.Build.0 = Debug|Any CPU
		{82CDB287-E970-455D-8603-9263F452698E}.Release|Any CPU.ActiveCfg = Release|Any CPU
		{82CDB287-E970-455D-8603-9263F452698E}.Release|Any CPU.Build.0 = Release|Any CPU
		{BB7F7E79-404F-40AE-BAE2-AF51DBBC155C}.Debug|Any CPU.ActiveCfg = Debug|Any CPU
		{BB7F7E79-404F-40AE-BAE2-AF51DBBC155C}.Debug|Any CPU.Build.0 = Debug|Any CPU
		{BB7F7E79-404F-40AE-BAE2-AF51DBBC155C}.Release|Any CPU.ActiveCfg = Release|Any CPU
		{BB7F7E79-404F-40AE-BAE2-AF51DBBC155C}.Release|Any CPU.Build.0 = Release|Any CPU
	EndGlobalSection
	GlobalSection(SolutionProperties) = preSolution
		HideSolutionNode = FALSE
	EndGlobalSection
	GlobalSection(ExtensibilityGlobals) = postSolution
		SolutionGuid = {470442D1-D350-4E1E-9CCB-4CE500B31873}
	EndGlobalSection
EndGlobal
